
Microsoft Visual Studio Solution File, Format Version 12.00
# Visual Studio Version 16
VisualStudioVersion = 16.0.29403.142
MinimumVisualStudioVersion = 10.0.40219.1
Project("{FAE04EC0-301F-11D3-BF4B-00C04F79EFBC}") = "MBP207-Proje-KiraTakip", "MBP207-Proje-KiraTakip.csproj", "{DB22B5E6-49E1-4990-B04F-50F053A192AD}"
EndProject
Global
	GlobalSection(SolutionConfigurationPlatforms) = preSolution
		Debug|Any CPU = Debug|Any CPU
		Release|Any CPU = Release|Any CPU
	EndGlobalSection
	GlobalSection(ProjectConfigurationPlatforms) = postSolution
		{DB22B5E6-49E1-4990-B04F-50F053A192AD}.Debug|Any CPU.ActiveCfg = Debug|Any CPU
		{DB22B5E6-49E1-4990-B04F-50F053A192AD}.Debug|Any CPU.Build.0 = Debug|Any CPU
		{DB22B5E6-49E1-4990-B04F-50F053A192AD}.Release|Any CPU.ActiveCfg = Release|Any CPU
		{DB22B5E6-49E1-4990-B04F-50F053A192AD}.Release|Any CPU.Build.0 = Release|Any CPU
	EndGlobalSection
	GlobalSection(SolutionProperties) = preSolution
		HideSolutionNode = FALSE
	EndGlobalSection
	GlobalSection(ExtensibilityGlobals) = postSolution
		SolutionGuid = {112334D4-FBDD-497D-B585-F11922DF30A2}
	EndGlobalSection
EndGlobal
